// !$*UTF8*$!
{
	archiveVersion = 1;
	classes = {
	};
	objectVersion = 46;
	objects = {

/* Begin PBXBuildFile section */
		051DEC901E48697E00867766 /* main.m in Sources */ = {isa = PBXBuildFile; fileRef = 051DEC8F1E48697E00867766 /* main.m */; };
		051DEC931E48697E00867766 /* AppDelegate.m in Sources */ = {isa = PBXBuildFile; fileRef = 051DEC921E48697E00867766 /* AppDelegate.m */; };
		051DEC991E48697E00867766 /* Main.storyboard in Resources */ = {isa = PBXBuildFile; fileRef = 051DEC971E48697E00867766 /* Main.storyboard */; };
		051DEC9B1E48697E00867766 /* Assets.xcassets in Resources */ = {isa = PBXBuildFile; fileRef = 051DEC9A1E48697E00867766 /* Assets.xcassets */; };
		051DEC9E1E48697E00867766 /* LaunchScreen.storyboard in Resources */ = {isa = PBXBuildFile; fileRef = 051DEC9C1E48697E00867766 /* LaunchScreen.storyboard */; };
		05B847681E7A268D003870BD /* HYFourVC.m in Sources */ = {isa = PBXBuildFile; fileRef = 05B846D01E7A268D003870BD /* HYFourVC.m */; };
		05B847691E7A268D003870BD /* HYPhotoModel.m in Sources */ = {isa = PBXBuildFile; fileRef = 05B846D31E7A268D003870BD /* HYPhotoModel.m */; };
		05B8476A1E7A268D003870BD /* HYPhotoCollectionViewCell.m in Sources */ = {isa = PBXBuildFile; fileRef = 05B846D61E7A268D003870BD /* HYPhotoCollectionViewCell.m */; };
		05B8477C1E7A268D003870BD /* home_email_black.png in Resources */ = {isa = PBXBuildFile; fileRef = 05B847101E7A268D003870BD /* home_email_black.png */; };
		05B8477D1E7A268D003870BD /* home_email_red.png in Resources */ = {isa = PBXBuildFile; fileRef = 05B847111E7A268D003870BD /* home_email_red.png */; };
		05B8477E1E7A268D003870BD /* home_emared.png in Resources */ = {isa = PBXBuildFile; fileRef = 05B847121E7A268D003870BD /* home_emared.png */; };
		05B8477F1E7A268D003870BD /* home_like.png in Resources */ = {isa = PBXBuildFile; fileRef = 05B847131E7A268D003870BD /* home_like.png */; };
		05B847801E7A268D003870BD /* home_search_icon.png in Resources */ = {isa = PBXBuildFile; fileRef = 05B847141E7A268D003870BD /* home_search_icon.png */; };
		05B847811E7A268D003870BD /* home_watch.png in Resources */ = {isa = PBXBuildFile; fileRef = 05B847151E7A268D003870BD /* home_watch.png */; };
		05B847821E7A268D003870BD /* nar_bgbg.png in Resources */ = {isa = PBXBuildFile; fileRef = 05B847161E7A268D003870BD /* nar_bgbg.png */; };
		05B847831E7A268D003870BD /* tab_bar_bg.png in Resources */ = {isa = PBXBuildFile; fileRef = 05B847171E7A268D003870BD /* tab_bar_bg.png */; };
		05B847841E7A268D003870BD /* tab_publish_add.png in Resources */ = {isa = PBXBuildFile; fileRef = 05B847181E7A268D003870BD /* tab_publish_add.png */; };
		05B847851E7A268D003870BD /* tab_publish_add_pressed.png in Resources */ = {isa = PBXBuildFile; fileRef = 05B847191E7A268D003870BD /* tab_publish_add_pressed.png */; };
		05B847861E7A268D003870BD /* tab_我的.png in Resources */ = {isa = PBXBuildFile; fileRef = 05B8471A1E7A268D003870BD /* tab_我的.png */; };
		05B847871E7A268D003870BD /* tab_我的_pressed.png in Resources */ = {isa = PBXBuildFile; fileRef = 05B8471B1E7A268D003870BD /* tab_我的_pressed.png */; };
		05B847881E7A268D003870BD /* tab_首页.png in Resources */ = {isa = PBXBuildFile; fileRef = 05B8471C1E7A268D003870BD /* tab_首页.png */; };
		05B847891E7A268D003870BD /* tab_首页_pressed.png in Resources */ = {isa = PBXBuildFile; fileRef = 05B8471D1E7A268D003870BD /* tab_首页_pressed.png */; };
		05B8478A1E7A268D003870BD /* HYOneTVC.m in Sources */ = {isa = PBXBuildFile; fileRef = 05B847201E7A268D003870BD /* HYOneTVC.m */; };
		05B8478B1E7A268D003870BD /* HYOneVC.m in Sources */ = {isa = PBXBuildFile; fileRef = 05B847221E7A268D003870BD /* HYOneVC.m */; };
		05B8478C1E7A268D003870BD /* index.json in Resources */ = {isa = PBXBuildFile; fileRef = 05B847231E7A268D003870BD /* index.json */; };
		05B8478D1E7A268D003870BD /* cycle_01.jpg in Resources */ = {isa = PBXBuildFile; fileRef = 05B847251E7A268D003870BD /* cycle_01.jpg */; };
		05B8478E1E7A268D003870BD /* cycle_02.jpg in Resources */ = {isa = PBXBuildFile; fileRef = 05B847261E7A268D003870BD /* cycle_02.jpg */; };
		05B8478F1E7A268D003870BD /* cycle_03.jpg in Resources */ = {isa = PBXBuildFile; fileRef = 05B847271E7A268D003870BD /* cycle_03.jpg */; };
		05B847901E7A268D003870BD /* cycle_04.jpg in Resources */ = {isa = PBXBuildFile; fileRef = 05B847281E7A268D003870BD /* cycle_04.jpg */; };
		05B847911E7A268D003870BD /* cycle_05.jpg in Resources */ = {isa = PBXBuildFile; fileRef = 05B847291E7A268D003870BD /* cycle_05.jpg */; };
		05B847921E7A268D003870BD /* cycle_06.jpg in Resources */ = {isa = PBXBuildFile; fileRef = 05B8472A1E7A268D003870BD /* cycle_06.jpg */; };
		05B847931E7A268D003870BD /* cycle_07.jpg in Resources */ = {isa = PBXBuildFile; fileRef = 05B8472B1E7A268D003870BD /* cycle_07.jpg */; };
		05B847941E7A268D003870BD /* cycle_08.jpg in Resources */ = {isa = PBXBuildFile; fileRef = 05B8472C1E7A268D003870BD /* cycle_08.jpg */; };
		05B847951E7A268D003870BD /* HYOneModel.m in Sources */ = {isa = PBXBuildFile; fileRef = 05B8472F1E7A268D003870BD /* HYOneModel.m */; };
		05B847961E7A268D003870BD /* recomand_01.jpg in Resources */ = {isa = PBXBuildFile; fileRef = 05B847311E7A268D003870BD /* recomand_01.jpg */; };
		05B847971E7A268D003870BD /* recomand_02.jpg in Resources */ = {isa = PBXBuildFile; fileRef = 05B847321E7A268D003870BD /* recomand_02.jpg */; };
		05B847981E7A268D003870BD /* recomand_03.jpg in Resources */ = {isa = PBXBuildFile; fileRef = 05B847331E7A268D003870BD /* recomand_03.jpg */; };
		05B847991E7A268D003870BD /* recomand_04.jpg in Resources */ = {isa = PBXBuildFile; fileRef = 05B847341E7A268D003870BD /* recomand_04.jpg */; };
		05B8479A1E7A268D003870BD /* recomand_05.jpg in Resources */ = {isa = PBXBuildFile; fileRef = 05B847351E7A268D003870BD /* recomand_05.jpg */; };
		05B8479B1E7A268D003870BD /* recomand_06.jpg in Resources */ = {isa = PBXBuildFile; fileRef = 05B847361E7A268D003870BD /* recomand_06.jpg */; };
		05B8479C1E7A268D003870BD /* recomand_07.jpg in Resources */ = {isa = PBXBuildFile; fileRef = 05B847371E7A268D003870BD /* recomand_07.jpg */; };
		05B8479D1E7A268D003870BD /* recomand_08.jpg in Resources */ = {isa = PBXBuildFile; fileRef = 05B847381E7A268D003870BD /* recomand_08.jpg */; };
		05B8479E1E7A268D003870BD /* recomand_09.jpg in Resources */ = {isa = PBXBuildFile; fileRef = 05B847391E7A268D003870BD /* recomand_09.jpg */; };
		05B8479F1E7A268D003870BD /* recomand_10.jpg in Resources */ = {isa = PBXBuildFile; fileRef = 05B8473A1E7A268D003870BD /* recomand_10.jpg */; };
		05B847A01E7A268D003870BD /* recomand_11.jpg in Resources */ = {isa = PBXBuildFile; fileRef = 05B8473B1E7A268D003870BD /* recomand_11.jpg */; };
		05B847A11E7A268D003870BD /* recomand_12.jpg in Resources */ = {isa = PBXBuildFile; fileRef = 05B8473C1E7A268D003870BD /* recomand_12.jpg */; };
		05B847A21E7A268D003870BD /* recomand_13.jpg in Resources */ = {isa = PBXBuildFile; fileRef = 05B8473D1E7A268D003870BD /* recomand_13.jpg */; };
		05B847A31E7A268D003870BD /* recomand_14.jpg in Resources */ = {isa = PBXBuildFile; fileRef = 05B8473E1E7A268D003870BD /* recomand_14.jpg */; };
		05B847A41E7A268D003870BD /* recomand_15.jpg in Resources */ = {isa = PBXBuildFile; fileRef = 05B8473F1E7A268D003870BD /* recomand_15.jpg */; };
		05B847A51E7A268D003870BD /* recomand_16.jpg in Resources */ = {isa = PBXBuildFile; fileRef = 05B847401E7A268D003870BD /* recomand_16.jpg */; };
		05B847A61E7A268D003870BD /* recomand_17.jpg in Resources */ = {isa = PBXBuildFile; fileRef = 05B847411E7A268D003870BD /* recomand_17.jpg */; };
		05B847A71E7A268D003870BD /* recomand_18.jpg in Resources */ = {isa = PBXBuildFile; fileRef = 05B847421E7A268D003870BD /* recomand_18.jpg */; };
		05B847A81E7A268D003870BD /* recomand_19.jpg in Resources */ = {isa = PBXBuildFile; fileRef = 05B847431E7A268D003870BD /* recomand_19.jpg */; };
		05B847A91E7A268D003870BD /* recomand_20.jpg in Resources */ = {isa = PBXBuildFile; fileRef = 05B847441E7A268D003870BD /* recomand_20.jpg */; };
		05B847AA1E7A268D003870BD /* HYHeaderView.m in Sources */ = {isa = PBXBuildFile; fileRef = 05B847471E7A268D003870BD /* HYHeaderView.m */; };
		05B847AB1E7A268D003870BD /* HYoneCell.m in Sources */ = {isa = PBXBuildFile; fileRef = 05B847491E7A268D003870BD /* HYoneCell.m */; };
		05B847AC1E7A268D003870BD /* HYThreeVC.m in Sources */ = {isa = PBXBuildFile; fileRef = 05B8474D1E7A268D003870BD /* HYThreeVC.m */; };
		05B847AD1E7A268D003870BD /* HYTwoViewDidClickVC.m in Sources */ = {isa = PBXBuildFile; fileRef = 05B8474F1E7A268D003870BD /* HYTwoViewDidClickVC.m */; };
		05B847AE1E7A268D003870BD /* HYVideoPlayVC.m in Sources */ = {isa = PBXBuildFile; fileRef = 05B847511E7A268D003870BD /* HYVideoPlayVC.m */; };
		05B847AF1E7A268D003870BD /* VideoListModel.m in Sources */ = {isa = PBXBuildFile; fileRef = 05B847541E7A268D003870BD /* VideoListModel.m */; };
		05B847B01E7A268D003870BD /* CardCellCollectionViewCell.m in Sources */ = {isa = PBXBuildFile; fileRef = 05B847571E7A268D003870BD /* CardCellCollectionViewCell.m */; };
		05B847B11E7A268D003870BD /* CardLayout.m in Sources */ = {isa = PBXBuildFile; fileRef = 05B847591E7A268D003870BD /* CardLayout.m */; };
		05B847B21E7A268D003870BD /* CardSelectedLayout.m in Sources */ = {isa = PBXBuildFile; fileRef = 05B8475B1E7A268D003870BD /* CardSelectedLayout.m */; };
		05B847B31E7A268D003870BD /* videoDeatilVC.m in Sources */ = {isa = PBXBuildFile; fileRef = 05B8475D1E7A268D003870BD /* videoDeatilVC.m */; };
		05B847B41E7A268D003870BD /* HYTwoVCTableViewController.m in Sources */ = {isa = PBXBuildFile; fileRef = 05B847611E7A268D003870BD /* HYTwoVCTableViewController.m */; };
		05B847B51E7A268D003870BD /* HYTwoModel.m in Sources */ = {isa = PBXBuildFile; fileRef = 05B847641E7A268D003870BD /* HYTwoModel.m */; };
		05B847B61E7A268D003870BD /* HYTwoCell.m in Sources */ = {isa = PBXBuildFile; fileRef = 05B847671E7A268D003870BD /* HYTwoCell.m */; };
		05B849351E7A29F2003870BD /* CustomNavigationController.m in Sources */ = {isa = PBXBuildFile; fileRef = 05B849191E7A29F2003870BD /* CustomNavigationController.m */; };
		05B849361E7A29F2003870BD /* UIViewController+CustomNavigationExtension.m in Sources */ = {isa = PBXBuildFile; fileRef = 05B8491B1E7A29F2003870BD /* UIViewController+CustomNavigationExtension.m */; };
		05B849371E7A29F2003870BD /* HYNavigationVC.m in Sources */ = {isa = PBXBuildFile; fileRef = 05B8491D1E7A29F2003870BD /* HYNavigationVC.m */; };
		05B849381E7A29F2003870BD /* HYtabBar.m in Sources */ = {isa = PBXBuildFile; fileRef = 05B8491F1E7A29F2003870BD /* HYtabBar.m */; };
		05B849391E7A29F2003870BD /* HYtabBarVC.m in Sources */ = {isa = PBXBuildFile; fileRef = 05B849211E7A29F2003870BD /* HYtabBarVC.m */; };
		05B8493A1E7A29F2003870BD /* HYViewController.m in Sources */ = {isa = PBXBuildFile; fileRef = 05B849231E7A29F2003870BD /* HYViewController.m */; };
		05B8493B1E7A29F2003870BD /* HYLoadingView.m in Sources */ = {isa = PBXBuildFile; fileRef = 05B849261E7A29F2003870BD /* HYLoadingView.m */; };
		05B8493C1E7A29F2003870BD /* HYTime.m in Sources */ = {isa = PBXBuildFile; fileRef = 05B849281E7A29F2003870BD /* HYTime.m */; };
		05B8493D1E7A29F2003870BD /* UIBarButtonItem+HYExtenssion.m in Sources */ = {isa = PBXBuildFile; fileRef = 05B8492A1E7A29F2003870BD /* UIBarButtonItem+HYExtenssion.m */; };
		05B8493E1E7A29F2003870BD /* UIButton+size.m in Sources */ = {isa = PBXBuildFile; fileRef = 05B8492C1E7A29F2003870BD /* UIButton+size.m */; };
		05B8493F1E7A29F2003870BD /* UIImage+HYImage.m in Sources */ = {isa = PBXBuildFile; fileRef = 05B8492E1E7A29F2003870BD /* UIImage+HYImage.m */; };
		05B849401E7A29F2003870BD /* UIView+HYExtension.m in Sources */ = {isa = PBXBuildFile; fileRef = 05B849301E7A29F2003870BD /* UIView+HYExtension.m */; };
		05B849411E7A29F2003870BD /* HYNetworking.m in Sources */ = {isa = PBXBuildFile; fileRef = 05B849331E7A29F2003870BD /* HYNetworking.m */; };
		05B849531E7A2B74003870BD /* JKDBHelper.m in Sources */ = {isa = PBXBuildFile; fileRef = 05B849441E7A2B74003870BD /* JKDBHelper.m */; };
		05B849541E7A2B74003870BD /* JKDBModel.m in Sources */ = {isa = PBXBuildFile; fileRef = 05B849461E7A2B74003870BD /* JKDBModel.m */; };
		05B849551E7A2B74003870BD /* FMDatabase.m in Sources */ = {isa = PBXBuildFile; fileRef = 05B849491E7A2B74003870BD /* FMDatabase.m */; };
		05B849561E7A2B74003870BD /* FMDatabaseAdditions.m in Sources */ = {isa = PBXBuildFile; fileRef = 05B8494B1E7A2B74003870BD /* FMDatabaseAdditions.m */; };
		05B849571E7A2B74003870BD /* FMDatabasePool.m in Sources */ = {isa = PBXBuildFile; fileRef = 05B8494D1E7A2B74003870BD /* FMDatabasePool.m */; };
		05B849581E7A2B74003870BD /* FMDatabaseQueue.m in Sources */ = {isa = PBXBuildFile; fileRef = 05B8494F1E7A2B74003870BD /* FMDatabaseQueue.m */; };
		05B849591E7A2B74003870BD /* FMResultSet.m in Sources */ = {isa = PBXBuildFile; fileRef = 05B849521E7A2B74003870BD /* FMResultSet.m */; };
		05B8495B1E7A2D60003870BD /* libsqlite3.tbd in Frameworks */ = {isa = PBXBuildFile; fileRef = 05B8495A1E7A2D60003870BD /* libsqlite3.tbd */; };
		05B8498E1E7A3ECF003870BD /* Factory.m in Sources */ = {isa = PBXBuildFile; fileRef = 05B849861E7A3ECF003870BD /* Factory.m */; };
		05B8498F1E7A3ECF003870BD /* HelpViewController.m in Sources */ = {isa = PBXBuildFile; fileRef = 05B849881E7A3ECF003870BD /* HelpViewController.m */; };
		05B849901E7A3ECF003870BD /* UIColor+FlatColors.m in Sources */ = {isa = PBXBuildFile; fileRef = 05B8498B1E7A3ECF003870BD /* UIColor+FlatColors.m */; };
		05B849911E7A3ECF003870BD /* UIView+Addition.m in Sources */ = {isa = PBXBuildFile; fileRef = 05B8498D1E7A3ECF003870BD /* UIView+Addition.m */; };
		1BD1AE4827E5505223A3E269 /* libPods-AppOfArt.a in Frameworks */ = {isa = PBXBuildFile; fileRef = B5C5553C0F8FF79F56321FAE /* libPods-AppOfArt.a */; };
/* End PBXBuildFile section */

/* Begin PBXFileReference section */
		051DEC8B1E48697E00867766 /* AppOfArt.app */ = {isa = PBXFileReference; explicitFileType = wrapper.application; includeInIndex = 0; path = AppOfArt.app; sourceTree = BUILT_PRODUCTS_DIR; };
		051DEC8F1E48697E00867766 /* main.m */ = {isa = PBXFileReference; lastKnownFileType = sourcecode.c.objc; path = main.m; sourceTree = "<group>"; };
		051DEC911E48697E00867766 /* AppDelegate.h */ = {isa = PBXFileReference; lastKnownFileType = sourcecode.c.h; path = AppDelegate.h; sourceTree = "<group>"; };
		051DEC921E48697E00867766 /* AppDelegate.m */ = {isa = PBXFileReference; lastKnownFileType = sourcecode.c.objc; path = AppDelegate.m; sourceTree = "<group>"; };
		051DEC981E48697E00867766 /* Base */ = {isa = PBXFileReference; lastKnownFileType = file.storyboard; name = Base; path = Base.lproj/Main.storyboard; sourceTree = "<group>"; };
		051DEC9A1E48697E00867766 /* Assets.xcassets */ = {isa = PBXFileReference; lastKnownFileType = folder.assetcatalog; path = Assets.xcassets; sourceTree = "<group>"; };
		051DEC9D1E48697E00867766 /* Base */ = {isa = PBXFileReference; lastKnownFileType = file.storyboard; name = Base; path = Base.lproj/LaunchScreen.storyboard; sourceTree = "<group>"; };
		051DEC9F1E48697E00867766 /* Info.plist */ = {isa = PBXFileReference; lastKnownFileType = text.plist.xml; path = Info.plist; sourceTree = "<group>"; };
		05B846CF1E7A268D003870BD /* HYFourVC.h */ = {isa = PBXFileReference; fileEncoding = 4; lastKnownFileType = sourcecode.c.h; path = HYFourVC.h; sourceTree = "<group>"; };
		05B846D01E7A268D003870BD /* HYFourVC.m */ = {isa = PBXFileReference; fileEncoding = 4; lastKnownFileType = sourcecode.c.objc; path = HYFourVC.m; sourceTree = "<group>"; };
		05B846D21E7A268D003870BD /* HYPhotoModel.h */ = {isa = PBXFileReference; fileEncoding = 4; lastKnownFileType = sourcecode.c.h; path = HYPhotoModel.h; sourceTree = "<group>"; };
		05B846D31E7A268D003870BD /* HYPhotoModel.m */ = {isa = PBXFileReference; fileEncoding = 4; lastKnownFileType = sourcecode.c.objc; path = HYPhotoModel.m; sourceTree = "<group>"; };
		05B846D51E7A268D003870BD /* HYPhotoCollectionViewCell.h */ = {isa = PBXFileReference; fileEncoding = 4; lastKnownFileType = sourcecode.c.h; path = HYPhotoCollectionViewCell.h; sourceTree = "<group>"; };
		05B846D61E7A268D003870BD /* HYPhotoCollectionViewCell.m */ = {isa = PBXFileReference; fileEncoding = 4; lastKnownFileType = sourcecode.c.objc; path = HYPhotoCollectionViewCell.m; sourceTree = "<group>"; };
		05B847101E7A268D003870BD /* home_email_black.png */ = {isa = PBXFileReference; lastKnownFileType = image.png; path = home_email_black.png; sourceTree = "<group>"; };
		05B847111E7A268D003870BD /* home_email_red.png */ = {isa = PBXFileReference; lastKnownFileType = image.png; path = home_email_red.png; sourceTree = "<group>"; };
		05B847121E7A268D003870BD /* home_emared.png */ = {isa = PBXFileReference; lastKnownFileType = image.png; path = home_emared.png; sourceTree = "<group>"; };
		05B847131E7A268D003870BD /* home_like.png */ = {isa = PBXFileReference; lastKnownFileType = image.png; path = home_like.png; sourceTree = "<group>"; };
		05B847141E7A268D003870BD /* home_search_icon.png */ = {isa = PBXFileReference; lastKnownFileType = image.png; path = home_search_icon.png; sourceTree = "<group>"; };
		05B847151E7A268D003870BD /* home_watch.png */ = {isa = PBXFileReference; lastKnownFileType = image.png; path = home_watch.png; sourceTree = "<group>"; };
		05B847161E7A268D003870BD /* nar_bgbg.png */ = {isa = PBXFileReference; lastKnownFileType = image.png; path = nar_bgbg.png; sourceTree = "<group>"; };
		05B847171E7A268D003870BD /* tab_bar_bg.png */ = {isa = PBXFileReference; lastKnownFileType = image.png; path = tab_bar_bg.png; sourceTree = "<group>"; };
		05B847181E7A268D003870BD /* tab_publish_add.png */ = {isa = PBXFileReference; lastKnownFileType = image.png; path = tab_publish_add.png; sourceTree = "<group>"; };
		05B847191E7A268D003870BD /* tab_publish_add_pressed.png */ = {isa = PBXFileReference; lastKnownFileType = image.png; path = tab_publish_add_pressed.png; sourceTree = "<group>"; };
		05B8471A1E7A268D003870BD /* tab_我的.png */ = {isa = PBXFileReference; lastKnownFileType = image.png; path = "tab_我的.png"; sourceTree = "<group>"; };
		05B8471B1E7A268D003870BD /* tab_我的_pressed.png */ = {isa = PBXFileReference; lastKnownFileType = image.png; path = "tab_我的_pressed.png"; sourceTree = "<group>"; };
		05B8471C1E7A268D003870BD /* tab_首页.png */ = {isa = PBXFileReference; lastKnownFileType = image.png; path = "tab_首页.png"; sourceTree = "<group>"; };
		05B8471D1E7A268D003870BD /* tab_首页_pressed.png */ = {isa = PBXFileReference; lastKnownFileType = image.png; path = "tab_首页_pressed.png"; sourceTree = "<group>"; };
		05B8471F1E7A268D003870BD /* HYOneTVC.h */ = {isa = PBXFileReference; fileEncoding = 4; lastKnownFileType = sourcecode.c.h; path = HYOneTVC.h; sourceTree = "<group>"; };
		05B847201E7A268D003870BD /* HYOneTVC.m */ = {isa = PBXFileReference; fileEncoding = 4; lastKnownFileType = sourcecode.c.objc; path = HYOneTVC.m; sourceTree = "<group>"; };
		05B847211E7A268D003870BD /* HYOneVC.h */ = {isa = PBXFileReference; fileEncoding = 4; lastKnownFileType = sourcecode.c.h; path = HYOneVC.h; sourceTree = "<group>"; };
		05B847221E7A268D003870BD /* HYOneVC.m */ = {isa = PBXFileReference; fileEncoding = 4; lastKnownFileType = sourcecode.c.objc; path = HYOneVC.m; sourceTree = "<group>"; };
		05B847231E7A268D003870BD /* index.json */ = {isa = PBXFileReference; fileEncoding = 4; lastKnownFileType = text.json; path = index.json; sourceTree = "<group>"; };
		05B847251E7A268D003870BD /* cycle_01.jpg */ = {isa = PBXFileReference; lastKnownFileType = image.jpeg; path = cycle_01.jpg; sourceTree = "<group>"; };
		05B847261E7A268D003870BD /* cycle_02.jpg */ = {isa = PBXFileReference; lastKnownFileType = image.jpeg; path = cycle_02.jpg; sourceTree = "<group>"; };
		05B847271E7A268D003870BD /* cycle_03.jpg */ = {isa = PBXFileReference; lastKnownFileType = image.jpeg; path = cycle_03.jpg; sourceTree = "<group>"; };
		05B847281E7A268D003870BD /* cycle_04.jpg */ = {isa = PBXFileReference; lastKnownFileType = image.jpeg; path = cycle_04.jpg; sourceTree = "<group>"; };
		05B847291E7A268D003870BD /* cycle_05.jpg */ = {isa = PBXFileReference; lastKnownFileType = image.jpeg; path = cycle_05.jpg; sourceTree = "<group>"; };
		05B8472A1E7A268D003870BD /* cycle_06.jpg */ = {isa = PBXFileReference; lastKnownFileType = image.jpeg; path = cycle_06.jpg; sourceTree = "<group>"; };
		05B8472B1E7A268D003870BD /* cycle_07.jpg */ = {isa = PBXFileReference; lastKnownFileType = image.jpeg; path = cycle_07.jpg; sourceTree = "<group>"; };
		05B8472C1E7A268D003870BD /* cycle_08.jpg */ = {isa = PBXFileReference; lastKnownFileType = image.jpeg; path = cycle_08.jpg; sourceTree = "<group>"; };
		05B8472E1E7A268D003870BD /* HYOneModel.h */ = {isa = PBXFileReference; fileEncoding = 4; lastKnownFileType = sourcecode.c.h; path = HYOneModel.h; sourceTree = "<group>"; };
		05B8472F1E7A268D003870BD /* HYOneModel.m */ = {isa = PBXFileReference; fileEncoding = 4; lastKnownFileType = sourcecode.c.objc; path = HYOneModel.m; sourceTree = "<group>"; };
		05B847311E7A268D003870BD /* recomand_01.jpg */ = {isa = PBXFileReference; lastKnownFileType = image.jpeg; path = recomand_01.jpg; sourceTree = "<group>"; };
		05B847321E7A268D003870BD /* recomand_02.jpg */ = {isa = PBXFileReference; lastKnownFileType = image.jpeg; path = recomand_02.jpg; sourceTree = "<group>"; };
		05B847331E7A268D003870BD /* recomand_03.jpg */ = {isa = PBXFileReference; lastKnownFileType = image.jpeg; path = recomand_03.jpg; sourceTree = "<group>"; };
		05B847341E7A268D003870BD /* recomand_04.jpg */ = {isa = PBXFileReference; lastKnownFileType = image.jpeg; path = recomand_04.jpg; sourceTree = "<group>"; };
		05B847351E7A268D003870BD /* recomand_05.jpg */ = {isa = PBXFileReference; lastKnownFileType = image.jpeg; path = recomand_05.jpg; sourceTree = "<group>"; };
		05B847361E7A268D003870BD /* recomand_06.jpg */ = {isa = PBXFileReference; lastKnownFileType = image.jpeg; path = recomand_06.jpg; sourceTree = "<group>"; };
		05B847371E7A268D003870BD /* recomand_07.jpg */ = {isa = PBXFileReference; lastKnownFileType = image.jpeg; path = recomand_07.jpg; sourceTree = "<group>"; };
		05B847381E7A268D003870BD /* recomand_08.jpg */ = {isa = PBXFileReference; lastKnownFileType = image.jpeg; path = recomand_08.jpg; sourceTree = "<group>"; };
		05B847391E7A268D003870BD /* recomand_09.jpg */ = {isa = PBXFileReference; lastKnownFileType = image.jpeg; path = recomand_09.jpg; sourceTree = "<group>"; };
		05B8473A1E7A268D003870BD /* recomand_10.jpg */ = {isa = PBXFileReference; lastKnownFileType = image.jpeg; path = recomand_10.jpg; sourceTree = "<group>"; };
		05B8473B1E7A268D003870BD /* recomand_11.jpg */ = {isa = PBXFileReference; lastKnownFileType = image.jpeg; path = recomand_11.jpg; sourceTree = "<group>"; };
		05B8473C1E7A268D003870BD /* recomand_12.jpg */ = {isa = PBXFileReference; lastKnownFileType = image.jpeg; path = recomand_12.jpg; sourceTree = "<group>"; };
		05B8473D1E7A268D003870BD /* recomand_13.jpg */ = {isa = PBXFileReference; lastKnownFileType = image.jpeg; path = recomand_13.jpg; sourceTree = "<group>"; };
		05B8473E1E7A268D003870BD /* recomand_14.jpg */ = {isa = PBXFileReference; lastKnownFileType = image.jpeg; path = recomand_14.jpg; sourceTree = "<group>"; };
		05B8473F1E7A268D003870BD /* recomand_15.jpg */ = {isa = PBXFileReference; lastKnownFileType = image.jpeg; path = recomand_15.jpg; sourceTree = "<group>"; };
		05B847401E7A268D003870BD /* recomand_16.jpg */ = {isa = PBXFileReference; lastKnownFileType = image.jpeg; path = recomand_16.jpg; sourceTree = "<group>"; };
		05B847411E7A268D003870BD /* recomand_17.jpg */ = {isa = PBXFileReference; lastKnownFileType = image.jpeg; path = recomand_17.jpg; sourceTree = "<group>"; };
		05B847421E7A268D003870BD /* recomand_18.jpg */ = {isa = PBXFileReference; lastKnownFileType = image.jpeg; path = recomand_18.jpg; sourceTree = "<group>"; };
		05B847431E7A268D003870BD /* recomand_19.jpg */ = {isa = PBXFileReference; lastKnownFileType = image.jpeg; path = recomand_19.jpg; sourceTree = "<group>"; };
		05B847441E7A268D003870BD /* recomand_20.jpg */ = {isa = PBXFileReference; lastKnownFileType = image.jpeg; path = recomand_20.jpg; sourceTree = "<group>"; };
		05B847461E7A268D003870BD /* HYHeaderView.h */ = {isa = PBXFileReference; fileEncoding = 4; lastKnownFileType = sourcecode.c.h; path = HYHeaderView.h; sourceTree = "<group>"; };
		05B847471E7A268D003870BD /* HYHeaderView.m */ = {isa = PBXFileReference; fileEncoding = 4; lastKnownFileType = sourcecode.c.objc; path = HYHeaderView.m; sourceTree = "<group>"; };
		05B847481E7A268D003870BD /* HYoneCell.h */ = {isa = PBXFileReference; fileEncoding = 4; lastKnownFileType = sourcecode.c.h; path = HYoneCell.h; sourceTree = "<group>"; };
		05B847491E7A268D003870BD /* HYoneCell.m */ = {isa = PBXFileReference; fileEncoding = 4; lastKnownFileType = sourcecode.c.objc; path = HYoneCell.m; sourceTree = "<group>"; };
		05B8474C1E7A268D003870BD /* HYThreeVC.h */ = {isa = PBXFileReference; fileEncoding = 4; lastKnownFileType = sourcecode.c.h; path = HYThreeVC.h; sourceTree = "<group>"; };
		05B8474D1E7A268D003870BD /* HYThreeVC.m */ = {isa = PBXFileReference; fileEncoding = 4; lastKnownFileType = sourcecode.c.objc; path = HYThreeVC.m; sourceTree = "<group>"; };
		05B8474E1E7A268D003870BD /* HYTwoViewDidClickVC.h */ = {isa = PBXFileReference; fileEncoding = 4; lastKnownFileType = sourcecode.c.h; path = HYTwoViewDidClickVC.h; sourceTree = "<group>"; };
		05B8474F1E7A268D003870BD /* HYTwoViewDidClickVC.m */ = {isa = PBXFileReference; fileEncoding = 4; lastKnownFileType = sourcecode.c.objc; path = HYTwoViewDidClickVC.m; sourceTree = "<group>"; };
		05B847501E7A268D003870BD /* HYVideoPlayVC.h */ = {isa = PBXFileReference; fileEncoding = 4; lastKnownFileType = sourcecode.c.h; path = HYVideoPlayVC.h; sourceTree = "<group>"; };
		05B847511E7A268D003870BD /* HYVideoPlayVC.m */ = {isa = PBXFileReference; fileEncoding = 4; lastKnownFileType = sourcecode.c.objc; path = HYVideoPlayVC.m; sourceTree = "<group>"; };
		05B847531E7A268D003870BD /* VideoListModel.h */ = {isa = PBXFileReference; fileEncoding = 4; lastKnownFileType = sourcecode.c.h; path = VideoListModel.h; sourceTree = "<group>"; };
		05B847541E7A268D003870BD /* VideoListModel.m */ = {isa = PBXFileReference; fileEncoding = 4; lastKnownFileType = sourcecode.c.objc; path = VideoListModel.m; sourceTree = "<group>"; };
		05B847561E7A268D003870BD /* CardCellCollectionViewCell.h */ = {isa = PBXFileReference; fileEncoding = 4; lastKnownFileType = sourcecode.c.h; path = CardCellCollectionViewCell.h; sourceTree = "<group>"; };
		05B847571E7A268D003870BD /* CardCellCollectionViewCell.m */ = {isa = PBXFileReference; fileEncoding = 4; lastKnownFileType = sourcecode.c.objc; path = CardCellCollectionViewCell.m; sourceTree = "<group>"; };
		05B847581E7A268D003870BD /* CardLayout.h */ = {isa = PBXFileReference; fileEncoding = 4; lastKnownFileType = sourcecode.c.h; path = CardLayout.h; sourceTree = "<group>"; };
		05B847591E7A268D003870BD /* CardLayout.m */ = {isa = PBXFileReference; fileEncoding = 4; lastKnownFileType = sourcecode.c.objc; path = CardLayout.m; sourceTree = "<group>"; };
		05B8475A1E7A268D003870BD /* CardSelectedLayout.h */ = {isa = PBXFileReference; fileEncoding = 4; lastKnownFileType = sourcecode.c.h; path = CardSelectedLayout.h; sourceTree = "<group>"; };
		05B8475B1E7A268D003870BD /* CardSelectedLayout.m */ = {isa = PBXFileReference; fileEncoding = 4; lastKnownFileType = sourcecode.c.objc; path = CardSelectedLayout.m; sourceTree = "<group>"; };
		05B8475C1E7A268D003870BD /* videoDeatilVC.h */ = {isa = PBXFileReference; fileEncoding = 4; lastKnownFileType = sourcecode.c.h; path = videoDeatilVC.h; sourceTree = "<group>"; };
		05B8475D1E7A268D003870BD /* videoDeatilVC.m */ = {isa = PBXFileReference; fileEncoding = 4; lastKnownFileType = sourcecode.c.objc; path = videoDeatilVC.m; sourceTree = "<group>"; };
		05B847601E7A268D003870BD /* HYTwoVCTableViewController.h */ = {isa = PBXFileReference; fileEncoding = 4; lastKnownFileType = sourcecode.c.h; path = HYTwoVCTableViewController.h; sourceTree = "<group>"; };
		05B847611E7A268D003870BD /* HYTwoVCTableViewController.m */ = {isa = PBXFileReference; fileEncoding = 4; lastKnownFileType = sourcecode.c.objc; path = HYTwoVCTableViewController.m; sourceTree = "<group>"; };
		05B847631E7A268D003870BD /* HYTwoModel.h */ = {isa = PBXFileReference; fileEncoding = 4; lastKnownFileType = sourcecode.c.h; path = HYTwoModel.h; sourceTree = "<group>"; };
		05B847641E7A268D003870BD /* HYTwoModel.m */ = {isa = PBXFileReference; fileEncoding = 4; lastKnownFileType = sourcecode.c.objc; path = HYTwoModel.m; sourceTree = "<group>"; };
		05B847661E7A268D003870BD /* HYTwoCell.h */ = {isa = PBXFileReference; fileEncoding = 4; lastKnownFileType = sourcecode.c.h; path = HYTwoCell.h; sourceTree = "<group>"; };
		05B847671E7A268D003870BD /* HYTwoCell.m */ = {isa = PBXFileReference; fileEncoding = 4; lastKnownFileType = sourcecode.c.objc; path = HYTwoCell.m; sourceTree = "<group>"; };
		05B849181E7A29F2003870BD /* CustomNavigationController.h */ = {isa = PBXFileReference; fileEncoding = 4; lastKnownFileType = sourcecode.c.h; path = CustomNavigationController.h; sourceTree = "<group>"; };
		05B849191E7A29F2003870BD /* CustomNavigationController.m */ = {isa = PBXFileReference; fileEncoding = 4; lastKnownFileType = sourcecode.c.objc; path = CustomNavigationController.m; sourceTree = "<group>"; };
		05B8491A1E7A29F2003870BD /* UIViewController+CustomNavigationExtension.h */ = {isa = PBXFileReference; fileEncoding = 4; lastKnownFileType = sourcecode.c.h; path = "UIViewController+CustomNavigationExtension.h"; sourceTree = "<group>"; };
		05B8491B1E7A29F2003870BD /* UIViewController+CustomNavigationExtension.m */ = {isa = PBXFileReference; fileEncoding = 4; lastKnownFileType = sourcecode.c.objc; path = "UIViewController+CustomNavigationExtension.m"; sourceTree = "<group>"; };
		05B8491C1E7A29F2003870BD /* HYNavigationVC.h */ = {isa = PBXFileReference; fileEncoding = 4; lastKnownFileType = sourcecode.c.h; path = HYNavigationVC.h; sourceTree = "<group>"; };
		05B8491D1E7A29F2003870BD /* HYNavigationVC.m */ = {isa = PBXFileReference; fileEncoding = 4; lastKnownFileType = sourcecode.c.objc; path = HYNavigationVC.m; sourceTree = "<group>"; };
		05B8491E1E7A29F2003870BD /* HYtabBar.h */ = {isa = PBXFileReference; fileEncoding = 4; lastKnownFileType = sourcecode.c.h; path = HYtabBar.h; sourceTree = "<group>"; };
		05B8491F1E7A29F2003870BD /* HYtabBar.m */ = {isa = PBXFileReference; fileEncoding = 4; lastKnownFileType = sourcecode.c.objc; path = HYtabBar.m; sourceTree = "<group>"; };
		05B849201E7A29F2003870BD /* HYtabBarVC.h */ = {isa = PBXFileReference; fileEncoding = 4; lastKnownFileType = sourcecode.c.h; path = HYtabBarVC.h; sourceTree = "<group>"; };
		05B849211E7A29F2003870BD /* HYtabBarVC.m */ = {isa = PBXFileReference; fileEncoding = 4; lastKnownFileType = sourcecode.c.objc; path = HYtabBarVC.m; sourceTree = "<group>"; };
		05B849221E7A29F2003870BD /* HYViewController.h */ = {isa = PBXFileReference; fileEncoding = 4; lastKnownFileType = sourcecode.c.h; path = HYViewController.h; sourceTree = "<group>"; };
		05B849231E7A29F2003870BD /* HYViewController.m */ = {isa = PBXFileReference; fileEncoding = 4; lastKnownFileType = sourcecode.c.objc; path = HYViewController.m; sourceTree = "<group>"; };
		05B849251E7A29F2003870BD /* HYLoadingView.h */ = {isa = PBXFileReference; fileEncoding = 4; lastKnownFileType = sourcecode.c.h; path = HYLoadingView.h; sourceTree = "<group>"; };
		05B849261E7A29F2003870BD /* HYLoadingView.m */ = {isa = PBXFileReference; fileEncoding = 4; lastKnownFileType = sourcecode.c.objc; path = HYLoadingView.m; sourceTree = "<group>"; };
		05B849271E7A29F2003870BD /* HYTime.h */ = {isa = PBXFileReference; fileEncoding = 4; lastKnownFileType = sourcecode.c.h; path = HYTime.h; sourceTree = "<group>"; };
		05B849281E7A29F2003870BD /* HYTime.m */ = {isa = PBXFileReference; fileEncoding = 4; lastKnownFileType = sourcecode.c.objc; path = HYTime.m; sourceTree = "<group>"; };
		05B849291E7A29F2003870BD /* UIBarButtonItem+HYExtenssion.h */ = {isa = PBXFileReference; fileEncoding = 4; lastKnownFileType = sourcecode.c.h; path = "UIBarButtonItem+HYExtenssion.h"; sourceTree = "<group>"; };
		05B8492A1E7A29F2003870BD /* UIBarButtonItem+HYExtenssion.m */ = {isa = PBXFileReference; fileEncoding = 4; lastKnownFileType = sourcecode.c.objc; path = "UIBarButtonItem+HYExtenssion.m"; sourceTree = "<group>"; };
		05B8492B1E7A29F2003870BD /* UIButton+size.h */ = {isa = PBXFileReference; fileEncoding = 4; lastKnownFileType = sourcecode.c.h; path = "UIButton+size.h"; sourceTree = "<group>"; };
		05B8492C1E7A29F2003870BD /* UIButton+size.m */ = {isa = PBXFileReference; fileEncoding = 4; lastKnownFileType = sourcecode.c.objc; path = "UIButton+size.m"; sourceTree = "<group>"; };
		05B8492D1E7A29F2003870BD /* UIImage+HYImage.h */ = {isa = PBXFileReference; fileEncoding = 4; lastKnownFileType = sourcecode.c.h; path = "UIImage+HYImage.h"; sourceTree = "<group>"; };
		05B8492E1E7A29F2003870BD /* UIImage+HYImage.m */ = {isa = PBXFileReference; fileEncoding = 4; lastKnownFileType = sourcecode.c.objc; path = "UIImage+HYImage.m"; sourceTree = "<group>"; };
		05B8492F1E7A29F2003870BD /* UIView+HYExtension.h */ = {isa = PBXFileReference; fileEncoding = 4; lastKnownFileType = sourcecode.c.h; path = "UIView+HYExtension.h"; sourceTree = "<group>"; };
		05B849301E7A29F2003870BD /* UIView+HYExtension.m */ = {isa = PBXFileReference; fileEncoding = 4; lastKnownFileType = sourcecode.c.objc; path = "UIView+HYExtension.m"; sourceTree = "<group>"; };
		05B849311E7A29F2003870BD /* Header.h */ = {isa = PBXFileReference; fileEncoding = 4; lastKnownFileType = sourcecode.c.h; path = Header.h; sourceTree = "<group>"; };
		05B849321E7A29F2003870BD /* HYNetworking.h */ = {isa = PBXFileReference; fileEncoding = 4; lastKnownFileType = sourcecode.c.h; path = HYNetworking.h; sourceTree = "<group>"; };
		05B849331E7A29F2003870BD /* HYNetworking.m */ = {isa = PBXFileReference; fileEncoding = 4; lastKnownFileType = sourcecode.c.objc; path = HYNetworking.m; sourceTree = "<group>"; };
		05B849341E7A29F2003870BD /* PrefixHeader.pch */ = {isa = PBXFileReference; fileEncoding = 4; lastKnownFileType = sourcecode.c.h; path = PrefixHeader.pch; sourceTree = "<group>"; };
		05B849431E7A2B74003870BD /* JKDBHelper.h */ = {isa = PBXFileReference; fileEncoding = 4; lastKnownFileType = sourcecode.c.h; path = JKDBHelper.h; sourceTree = "<group>"; };
		05B849441E7A2B74003870BD /* JKDBHelper.m */ = {isa = PBXFileReference; fileEncoding = 4; lastKnownFileType = sourcecode.c.objc; path = JKDBHelper.m; sourceTree = "<group>"; };
		05B849451E7A2B74003870BD /* JKDBModel.h */ = {isa = PBXFileReference; fileEncoding = 4; lastKnownFileType = sourcecode.c.h; path = JKDBModel.h; sourceTree = "<group>"; };
		05B849461E7A2B74003870BD /* JKDBModel.m */ = {isa = PBXFileReference; fileEncoding = 4; lastKnownFileType = sourcecode.c.objc; path = JKDBModel.m; sourceTree = "<group>"; };
		05B849481E7A2B74003870BD /* FMDatabase.h */ = {isa = PBXFileReference; fileEncoding = 4; lastKnownFileType = sourcecode.c.h; path = FMDatabase.h; sourceTree = "<group>"; };
		05B849491E7A2B74003870BD /* FMDatabase.m */ = {isa = PBXFileReference; fileEncoding = 4; lastKnownFileType = sourcecode.c.objc; path = FMDatabase.m; sourceTree = "<group>"; };
		05B8494A1E7A2B74003870BD /* FMDatabaseAdditions.h */ = {isa = PBXFileReference; fileEncoding = 4; lastKnownFileType = sourcecode.c.h; path = FMDatabaseAdditions.h; sourceTree = "<group>"; };
		05B8494B1E7A2B74003870BD /* FMDatabaseAdditions.m */ = {isa = PBXFileReference; fileEncoding = 4; lastKnownFileType = sourcecode.c.objc; path = FMDatabaseAdditions.m; sourceTree = "<group>"; };
		05B8494C1E7A2B74003870BD /* FMDatabasePool.h */ = {isa = PBXFileReference; fileEncoding = 4; lastKnownFileType = sourcecode.c.h; path = FMDatabasePool.h; sourceTree = "<group>"; };
		05B8494D1E7A2B74003870BD /* FMDatabasePool.m */ = {isa = PBXFileReference; fileEncoding = 4; lastKnownFileType = sourcecode.c.objc; path = FMDatabasePool.m; sourceTree = "<group>"; };
		05B8494E1E7A2B74003870BD /* FMDatabaseQueue.h */ = {isa = PBXFileReference; fileEncoding = 4; lastKnownFileType = sourcecode.c.h; path = FMDatabaseQueue.h; sourceTree = "<group>"; };
		05B8494F1E7A2B74003870BD /* FMDatabaseQueue.m */ = {isa = PBXFileReference; fileEncoding = 4; lastKnownFileType = sourcecode.c.objc; path = FMDatabaseQueue.m; sourceTree = "<group>"; };
		05B849501E7A2B74003870BD /* FMDB.h */ = {isa = PBXFileReference; fileEncoding = 4; lastKnownFileType = sourcecode.c.h; path = FMDB.h; sourceTree = "<group>"; };
		05B849511E7A2B74003870BD /* FMResultSet.h */ = {isa = PBXFileReference; fileEncoding = 4; lastKnownFileType = sourcecode.c.h; path = FMResultSet.h; sourceTree = "<group>"; };
		05B849521E7A2B74003870BD /* FMResultSet.m */ = {isa = PBXFileReference; fileEncoding = 4; lastKnownFileType = sourcecode.c.objc; path = FMResultSet.m; sourceTree = "<group>"; };
		05B8495A1E7A2D60003870BD /* libsqlite3.tbd */ = {isa = PBXFileReference; lastKnownFileType = "sourcecode.text-based-dylib-definition"; name = libsqlite3.tbd; path = usr/lib/libsqlite3.tbd; sourceTree = SDKROOT; };
		05B849851E7A3ECF003870BD /* Factory.h */ = {isa = PBXFileReference; fileEncoding = 4; lastKnownFileType = sourcecode.c.h; path = Factory.h; sourceTree = "<group>"; };
		05B849861E7A3ECF003870BD /* Factory.m */ = {isa = PBXFileReference; fileEncoding = 4; lastKnownFileType = sourcecode.c.objc; path = Factory.m; sourceTree = "<group>"; };
		05B849871E7A3ECF003870BD /* HelpViewController.h */ = {isa = PBXFileReference; fileEncoding = 4; lastKnownFileType = sourcecode.c.h; path = HelpViewController.h; sourceTree = "<group>"; };
		05B849881E7A3ECF003870BD /* HelpViewController.m */ = {isa = PBXFileReference; fileEncoding = 4; lastKnownFileType = sourcecode.c.objc; path = HelpViewController.m; sourceTree = "<group>"; };
		05B849891E7A3ECF003870BD /* MyHelper.h */ = {isa = PBXFileReference; fileEncoding = 4; lastKnownFileType = sourcecode.c.h; path = MyHelper.h; sourceTree = "<group>"; };
		05B8498A1E7A3ECF003870BD /* UIColor+FlatColors.h */ = {isa = PBXFileReference; fileEncoding = 4; lastKnownFileType = sourcecode.c.h; path = "UIColor+FlatColors.h"; sourceTree = "<group>"; };
		05B8498B1E7A3ECF003870BD /* UIColor+FlatColors.m */ = {isa = PBXFileReference; fileEncoding = 4; lastKnownFileType = sourcecode.c.objc; path = "UIColor+FlatColors.m"; sourceTree = "<group>"; };
		05B8498C1E7A3ECF003870BD /* UIView+Addition.h */ = {isa = PBXFileReference; fileEncoding = 4; lastKnownFileType = sourcecode.c.h; path = "UIView+Addition.h"; sourceTree = "<group>"; };
		05B8498D1E7A3ECF003870BD /* UIView+Addition.m */ = {isa = PBXFileReference; fileEncoding = 4; lastKnownFileType = sourcecode.c.objc; path = "UIView+Addition.m"; sourceTree = "<group>"; };
		3205E0DB27A5B75F1006253B /* Pods-AppOfArt.debug.xcconfig */ = {isa = PBXFileReference; includeInIndex = 1; lastKnownFileType = text.xcconfig; name = "Pods-AppOfArt.debug.xcconfig"; path = "Pods/Target Support Files/Pods-AppOfArt/Pods-AppOfArt.debug.xcconfig"; sourceTree = "<group>"; };
		B5C5553C0F8FF79F56321FAE /* libPods-AppOfArt.a */ = {isa = PBXFileReference; explicitFileType = archive.ar; includeInIndex = 0; path = "libPods-AppOfArt.a"; sourceTree = BUILT_PRODUCTS_DIR; };
		FC6EA75BED79BC216CBF92B0 /* Pods-AppOfArt.release.xcconfig */ = {isa = PBXFileReference; includeInIndex = 1; lastKnownFileType = text.xcconfig; name = "Pods-AppOfArt.release.xcconfig"; path = "Pods/Target Support Files/Pods-AppOfArt/Pods-AppOfArt.release.xcconfig"; sourceTree = "<group>"; };
/* End PBXFileReference section */

/* Begin PBXFrameworksBuildPhase section */
		051DEC881E48697E00867766 /* Frameworks */ = {
			isa = PBXFrameworksBuildPhase;
			buildActionMask = 2147483647;
			files = (
				05B8495B1E7A2D60003870BD /* libsqlite3.tbd in Frameworks */,
				1BD1AE4827E5505223A3E269 /* libPods-AppOfArt.a in Frameworks */,
			);
			runOnlyForDeploymentPostprocessing = 0;
		};
/* End PBXFrameworksBuildPhase section */

/* Begin PBXGroup section */
		051DEC821E48697E00867766 = {
			isa = PBXGroup;
			children = (
				051DEC8D1E48697E00867766 /* AppOfArt */,
				051DEC8C1E48697E00867766 /* Products */,
				161B777E1FF884B18926DDDC /* Pods */,
				7DD6D1FE31BE93E2118D6D24 /* Frameworks */,
			);
			sourceTree = "<group>";
		};
		051DEC8C1E48697E00867766 /* Products */ = {
			isa = PBXGroup;
			children = (
				051DEC8B1E48697E00867766 /* AppOfArt.app */,
			);
			name = Products;
			sourceTree = "<group>";
		};
		051DEC8D1E48697E00867766 /* AppOfArt */ = {
			isa = PBXGroup;
			children = (
				05B846CC1E7A268D003870BD /* Classes */,
				05B849151E7A29F2003870BD /* other */,
				05B848CD1E7A2954003870BD /* lib */,
				051DEC911E48697E00867766 /* AppDelegate.h */,
				051DEC921E48697E00867766 /* AppDelegate.m */,
				051DEC971E48697E00867766 /* Main.storyboard */,
				051DEC9A1E48697E00867766 /* Assets.xcassets */,
				051DEC9C1E48697E00867766 /* LaunchScreen.storyboard */,
				051DEC9F1E48697E00867766 /* Info.plist */,
				051DEC8E1E48697E00867766 /* Supporting Files */,
			);
			path = AppOfArt;
			sourceTree = "<group>";
		};
		051DEC8E1E48697E00867766 /* Supporting Files */ = {
			isa = PBXGroup;
			children = (
				051DEC8F1E48697E00867766 /* main.m */,
			);
			name = "Supporting Files";
			sourceTree = "<group>";
		};
		05B846CC1E7A268D003870BD /* Classes */ = {
			isa = PBXGroup;
			children = (
				05B8470E1E7A268D003870BD /* One */,
				05B8475E1E7A268D003870BD /* Two */,
				05B8474A1E7A268D003870BD /* Three */,
				05B846CD1E7A268D003870BD /* Four */,
			);
			path = Classes;
			sourceTree = "<group>";
		};
		05B846CD1E7A268D003870BD /* Four */ = {
			isa = PBXGroup;
			children = (
				05B846CE1E7A268D003870BD /* Controller */,
				05B846D11E7A268D003870BD /* Model */,
				05B846D41E7A268D003870BD /* View */,
			);
			path = Four;
			sourceTree = "<group>";
		};
		05B846CE1E7A268D003870BD /* Controller */ = {
			isa = PBXGroup;
			children = (
				05B846CF1E7A268D003870BD /* HYFourVC.h */,
				05B846D01E7A268D003870BD /* HYFourVC.m */,
			);
			path = Controller;
			sourceTree = "<group>";
		};
		05B846D11E7A268D003870BD /* Model */ = {
			isa = PBXGroup;
			children = (
				05B846D21E7A268D003870BD /* HYPhotoModel.h */,
				05B846D31E7A268D003870BD /* HYPhotoModel.m */,
			);
			path = Model;
			sourceTree = "<group>";
		};
		05B846D41E7A268D003870BD /* View */ = {
			isa = PBXGroup;
			children = (
				05B846D51E7A268D003870BD /* HYPhotoCollectionViewCell.h */,
				05B846D61E7A268D003870BD /* HYPhotoCollectionViewCell.m */,
			);
			path = View;
			sourceTree = "<group>";
		};
		05B8470E1E7A268D003870BD /* One */ = {
			isa = PBXGroup;
			children = (
				05B8470F1E7A268D003870BD /* banTangImage */,
				05B847241E7A268D003870BD /* Cycle */,
				05B8471E1E7A268D003870BD /* Controller */,
				05B8472D1E7A268D003870BD /* Model */,
				05B847301E7A268D003870BD /* Recmand */,
				05B847451E7A268D003870BD /* View */,
			);
			path = One;
			sourceTree = "<group>";
		};
		05B8470F1E7A268D003870BD /* banTangImage */ = {
			isa = PBXGroup;
			children = (
				05B847101E7A268D003870BD /* home_email_black.png */,
				05B847111E7A268D003870BD /* home_email_red.png */,
				05B847121E7A268D003870BD /* home_emared.png */,
				05B847131E7A268D003870BD /* home_like.png */,
				05B847141E7A268D003870BD /* home_search_icon.png */,
				05B847151E7A268D003870BD /* home_watch.png */,
				05B847161E7A268D003870BD /* nar_bgbg.png */,
				05B847171E7A268D003870BD /* tab_bar_bg.png */,
				05B847181E7A268D003870BD /* tab_publish_add.png */,
				05B847191E7A268D003870BD /* tab_publish_add_pressed.png */,
				05B8471A1E7A268D003870BD /* tab_我的.png */,
				05B8471B1E7A268D003870BD /* tab_我的_pressed.png */,
				05B8471C1E7A268D003870BD /* tab_首页.png */,
				05B8471D1E7A268D003870BD /* tab_首页_pressed.png */,
			);
			path = banTangImage;
			sourceTree = "<group>";
		};
		05B8471E1E7A268D003870BD /* Controller */ = {
			isa = PBXGroup;
			children = (
				05B847211E7A268D003870BD /* HYOneVC.h */,
				05B847221E7A268D003870BD /* HYOneVC.m */,
				05B8471F1E7A268D003870BD /* HYOneTVC.h */,
				05B847201E7A268D003870BD /* HYOneTVC.m */,
				05B847231E7A268D003870BD /* index.json */,
			);
			path = Controller;
			sourceTree = "<group>";
		};
		05B847241E7A268D003870BD /* Cycle */ = {
			isa = PBXGroup;
			children = (
				05B847251E7A268D003870BD /* cycle_01.jpg */,
				05B847261E7A268D003870BD /* cycle_02.jpg */,
				05B847271E7A268D003870BD /* cycle_03.jpg */,
				05B847281E7A268D003870BD /* cycle_04.jpg */,
				05B847291E7A268D003870BD /* cycle_05.jpg */,
				05B8472A1E7A268D003870BD /* cycle_06.jpg */,
				05B8472B1E7A268D003870BD /* cycle_07.jpg */,
				05B8472C1E7A268D003870BD /* cycle_08.jpg */,
			);
			path = Cycle;
			sourceTree = "<group>";
		};
		05B8472D1E7A268D003870BD /* Model */ = {
			isa = PBXGroup;
			children = (
				05B8472E1E7A268D003870BD /* HYOneModel.h */,
				05B8472F1E7A268D003870BD /* HYOneModel.m */,
			);
			path = Model;
			sourceTree = "<group>";
		};
		05B847301E7A268D003870BD /* Recmand */ = {
			isa = PBXGroup;
			children = (
				05B847311E7A268D003870BD /* recomand_01.jpg */,
				05B847321E7A268D003870BD /* recomand_02.jpg */,
				05B847331E7A268D003870BD /* recomand_03.jpg */,
				05B847341E7A268D003870BD /* recomand_04.jpg */,
				05B847351E7A268D003870BD /* recomand_05.jpg */,
				05B847361E7A268D003870BD /* recomand_06.jpg */,
				05B847371E7A268D003870BD /* recomand_07.jpg */,
				05B847381E7A268D003870BD /* recomand_08.jpg */,
				05B847391E7A268D003870BD /* recomand_09.jpg */,
				05B8473A1E7A268D003870BD /* recomand_10.jpg */,
				05B8473B1E7A268D003870BD /* recomand_11.jpg */,
				05B8473C1E7A268D003870BD /* recomand_12.jpg */,
				05B8473D1E7A268D003870BD /* recomand_13.jpg */,
				05B8473E1E7A268D003870BD /* recomand_14.jpg */,
				05B8473F1E7A268D003870BD /* recomand_15.jpg */,
				05B847401E7A268D003870BD /* recomand_16.jpg */,
				05B847411E7A268D003870BD /* recomand_17.jpg */,
				05B847421E7A268D003870BD /* recomand_18.jpg */,
				05B847431E7A268D003870BD /* recomand_19.jpg */,
				05B847441E7A268D003870BD /* recomand_20.jpg */,
			);
			path = Recmand;
			sourceTree = "<group>";
		};
		05B847451E7A268D003870BD /* View */ = {
			isa = PBXGroup;
			children = (
				05B847461E7A268D003870BD /* HYHeaderView.h */,
				05B847471E7A268D003870BD /* HYHeaderView.m */,
				05B847481E7A268D003870BD /* HYoneCell.h */,
				05B847491E7A268D003870BD /* HYoneCell.m */,
			);
			path = View;
			sourceTree = "<group>";
		};
		05B8474A1E7A268D003870BD /* Three */ = {
			isa = PBXGroup;
			children = (
				05B8474B1E7A268D003870BD /* Controller */,
				05B847521E7A268D003870BD /* Model */,
				05B847551E7A268D003870BD /* View */,
			);
			path = Three;
			sourceTree = "<group>";
		};
		05B8474B1E7A268D003870BD /* Controller */ = {
			isa = PBXGroup;
			children = (
				05B8474C1E7A268D003870BD /* HYThreeVC.h */,
				05B8474D1E7A268D003870BD /* HYThreeVC.m */,
				05B8474E1E7A268D003870BD /* HYTwoViewDidClickVC.h */,
				05B8474F1E7A268D003870BD /* HYTwoViewDidClickVC.m */,
				05B847501E7A268D003870BD /* HYVideoPlayVC.h */,
				05B847511E7A268D003870BD /* HYVideoPlayVC.m */,
			);
			path = Controller;
			sourceTree = "<group>";
		};
		05B847521E7A268D003870BD /* Model */ = {
			isa = PBXGroup;
			children = (
				05B847531E7A268D003870BD /* VideoListModel.h */,
				05B847541E7A268D003870BD /* VideoListModel.m */,
			);
			path = Model;
			sourceTree = "<group>";
		};
		05B847551E7A268D003870BD /* View */ = {
			isa = PBXGroup;
			children = (
				05B847561E7A268D003870BD /* CardCellCollectionViewCell.h */,
				05B847571E7A268D003870BD /* CardCellCollectionViewCell.m */,
				05B847581E7A268D003870BD /* CardLayout.h */,
				05B847591E7A268D003870BD /* CardLayout.m */,
				05B8475A1E7A268D003870BD /* CardSelectedLayout.h */,
				05B8475B1E7A268D003870BD /* CardSelectedLayout.m */,
				05B8475C1E7A268D003870BD /* videoDeatilVC.h */,
				05B8475D1E7A268D003870BD /* videoDeatilVC.m */,
			);
			path = View;
			sourceTree = "<group>";
		};
		05B8475E1E7A268D003870BD /* Two */ = {
			isa = PBXGroup;
			children = (
				05B8475F1E7A268D003870BD /* Controller */,
				05B847621E7A268D003870BD /* Model */,
				05B847651E7A268D003870BD /* View */,
			);
			path = Two;
			sourceTree = "<group>";
		};
		05B8475F1E7A268D003870BD /* Controller */ = {
			isa = PBXGroup;
			children = (
				05B847601E7A268D003870BD /* HYTwoVCTableViewController.h */,
				05B847611E7A268D003870BD /* HYTwoVCTableViewController.m */,
			);
			path = Controller;
			sourceTree = "<group>";
		};
		05B847621E7A268D003870BD /* Model */ = {
			isa = PBXGroup;
			children = (
				05B847631E7A268D003870BD /* HYTwoModel.h */,
				05B847641E7A268D003870BD /* HYTwoModel.m */,
			);
			path = Model;
			sourceTree = "<group>";
		};
		05B847651E7A268D003870BD /* View */ = {
			isa = PBXGroup;
			children = (
				05B847661E7A268D003870BD /* HYTwoCell.h */,
				05B847671E7A268D003870BD /* HYTwoCell.m */,
			);
			path = View;
			sourceTree = "<group>";
		};
		05B848CD1E7A2954003870BD /* lib */ = {
			isa = PBXGroup;
			children = (
				05B849421E7A2B74003870BD /* DBModel */,
				05B849841E7A3ECF003870BD /* Helper */,
				05B849471E7A2B74003870BD /* FMDB */,
			);
			path = lib;
			sourceTree = "<group>";
		};
		05B849151E7A29F2003870BD /* other */ = {
			isa = PBXGroup;
			children = (
				05B849161E7A29F2003870BD /* Controller */,
				05B849241E7A29F2003870BD /* extenssion */,
				05B849321E7A29F2003870BD /* HYNetworking.h */,
				05B849331E7A29F2003870BD /* HYNetworking.m */,
				05B849311E7A29F2003870BD /* Header.h */,
				05B849341E7A29F2003870BD /* PrefixHeader.pch */,
			);
			path = other;
			sourceTree = "<group>";
		};
		05B849161E7A29F2003870BD /* Controller */ = {
			isa = PBXGroup;
			children = (
				05B849171E7A29F2003870BD /* CustomerNavigation */,
				05B8491C1E7A29F2003870BD /* HYNavigationVC.h */,
				05B8491D1E7A29F2003870BD /* HYNavigationVC.m */,
				05B8491E1E7A29F2003870BD /* HYtabBar.h */,
				05B8491F1E7A29F2003870BD /* HYtabBar.m */,
				05B849201E7A29F2003870BD /* HYtabBarVC.h */,
				05B849211E7A29F2003870BD /* HYtabBarVC.m */,
				05B849221E7A29F2003870BD /* HYViewController.h */,
				05B849231E7A29F2003870BD /* HYViewController.m */,
			);
			path = Controller;
			sourceTree = "<group>";
		};
		05B849171E7A29F2003870BD /* CustomerNavigation */ = {
			isa = PBXGroup;
			children = (
				05B849181E7A29F2003870BD /* CustomNavigationController.h */,
				05B849191E7A29F2003870BD /* CustomNavigationController.m */,
				05B8491A1E7A29F2003870BD /* UIViewController+CustomNavigationExtension.h */,
				05B8491B1E7A29F2003870BD /* UIViewController+CustomNavigationExtension.m */,
			);
			path = CustomerNavigation;
			sourceTree = "<group>";
		};
		05B849241E7A29F2003870BD /* extenssion */ = {
			isa = PBXGroup;
			children = (
				05B849251E7A29F2003870BD /* HYLoadingView.h */,
				05B849261E7A29F2003870BD /* HYLoadingView.m */,
				05B849271E7A29F2003870BD /* HYTime.h */,
				05B849281E7A29F2003870BD /* HYTime.m */,
				05B849291E7A29F2003870BD /* UIBarButtonItem+HYExtenssion.h */,
				05B8492A1E7A29F2003870BD /* UIBarButtonItem+HYExtenssion.m */,
				05B8492B1E7A29F2003870BD /* UIButton+size.h */,
				05B8492C1E7A29F2003870BD /* UIButton+size.m */,
				05B8492D1E7A29F2003870BD /* UIImage+HYImage.h */,
				05B8492E1E7A29F2003870BD /* UIImage+HYImage.m */,
				05B8492F1E7A29F2003870BD /* UIView+HYExtension.h */,
				05B849301E7A29F2003870BD /* UIView+HYExtension.m */,
			);
			path = extenssion;
			sourceTree = "<group>";
		};
		05B849421E7A2B74003870BD /* DBModel */ = {
			isa = PBXGroup;
			children = (
				05B849431E7A2B74003870BD /* JKDBHelper.h */,
				05B849441E7A2B74003870BD /* JKDBHelper.m */,
				05B849451E7A2B74003870BD /* JKDBModel.h */,
				05B849461E7A2B74003870BD /* JKDBModel.m */,
			);
			path = DBModel;
			sourceTree = "<group>";
		};
		05B849471E7A2B74003870BD /* FMDB */ = {
			isa = PBXGroup;
			children = (
				05B849481E7A2B74003870BD /* FMDatabase.h */,
				05B849491E7A2B74003870BD /* FMDatabase.m */,
				05B8494A1E7A2B74003870BD /* FMDatabaseAdditions.h */,
				05B8494B1E7A2B74003870BD /* FMDatabaseAdditions.m */,
				05B8494C1E7A2B74003870BD /* FMDatabasePool.h */,
				05B8494D1E7A2B74003870BD /* FMDatabasePool.m */,
				05B8494E1E7A2B74003870BD /* FMDatabaseQueue.h */,
				05B8494F1E7A2B74003870BD /* FMDatabaseQueue.m */,
				05B849501E7A2B74003870BD /* FMDB.h */,
				05B849511E7A2B74003870BD /* FMResultSet.h */,
				05B849521E7A2B74003870BD /* FMResultSet.m */,
			);
			path = FMDB;
			sourceTree = "<group>";
		};
		05B849841E7A3ECF003870BD /* Helper */ = {
			isa = PBXGroup;
			children = (
				05B849851E7A3ECF003870BD /* Factory.h */,
				05B849861E7A3ECF003870BD /* Factory.m */,
				05B849871E7A3ECF003870BD /* HelpViewController.h */,
				05B849881E7A3ECF003870BD /* HelpViewController.m */,
				05B849891E7A3ECF003870BD /* MyHelper.h */,
				05B8498A1E7A3ECF003870BD /* UIColor+FlatColors.h */,
				05B8498B1E7A3ECF003870BD /* UIColor+FlatColors.m */,
				05B8498C1E7A3ECF003870BD /* UIView+Addition.h */,
				05B8498D1E7A3ECF003870BD /* UIView+Addition.m */,
			);
			name = Helper;
			path = FMDB/Helper;
			sourceTree = "<group>";
		};
		161B777E1FF884B18926DDDC /* Pods */ = {
			isa = PBXGroup;
			children = (
				3205E0DB27A5B75F1006253B /* Pods-AppOfArt.debug.xcconfig */,
				FC6EA75BED79BC216CBF92B0 /* Pods-AppOfArt.release.xcconfig */,
			);
			name = Pods;
			sourceTree = "<group>";
		};
		7DD6D1FE31BE93E2118D6D24 /* Frameworks */ = {
			isa = PBXGroup;
			children = (
				05B8495A1E7A2D60003870BD /* libsqlite3.tbd */,
				B5C5553C0F8FF79F56321FAE /* libPods-AppOfArt.a */,
			);
			name = Frameworks;
			sourceTree = "<group>";
		};
/* End PBXGroup section */

/* Begin PBXNativeTarget section */
		051DEC8A1E48697E00867766 /* AppOfArt */ = {
			isa = PBXNativeTarget;
			buildConfigurationList = 051DECA21E48697E00867766 /* Build configuration list for PBXNativeTarget "AppOfArt" */;
			buildPhases = (
				78446443763A034F580AAC1C /* [CP] Check Pods Manifest.lock */,
				543D69E9633CFEB2EE9C1BCF /* [CP] Check Pods Manifest.lock */,
				051DEC871E48697E00867766 /* Sources */,
				051DEC881E48697E00867766 /* Frameworks */,
				051DEC891E48697E00867766 /* Resources */,
				69859F120D262FB367B09807 /* [CP] Embed Pods Frameworks */,
				24C10820640266F5914EF18C /* [CP] Copy Pods Resources */,
				83EC1503378F3D8BD34ADC06 /* 📦 Embed Pods Frameworks */,
				88F4259A0CDF1D13887BB39E /* 📦 Copy Pods Resources */,
			);
			buildRules = (
			);
			dependencies = (
			);
			name = AppOfArt;
			productName = AppOfArt;
			productReference = 051DEC8B1E48697E00867766 /* AppOfArt.app */;
			productType = "com.apple.product-type.application";
		};
/* End PBXNativeTarget section */

/* Begin PBXProject section */
		051DEC831E48697E00867766 /* Project object */ = {
			isa = PBXProject;
			attributes = {
				LastUpgradeCheck = 0820;
				ORGANIZATIONNAME = zhang;
				TargetAttributes = {
					051DEC8A1E48697E00867766 = {
						CreatedOnToolsVersion = 8.2.1;
						DevelopmentTeam = DYUUR96E57;
						ProvisioningStyle = Automatic;
					};
				};
			};
			buildConfigurationList = 051DEC861E48697E00867766 /* Build configuration list for PBXProject "AppOfArt" */;
			compatibilityVersion = "Xcode 3.2";
			developmentRegion = English;
			hasScannedForEncodings = 0;
			knownRegions = (
				en,
				Base,
			);
			mainGroup = 051DEC821E48697E00867766;
			productRefGroup = 051DEC8C1E48697E00867766 /* Products */;
			projectDirPath = "";
			projectRoot = "";
			targets = (
				051DEC8A1E48697E00867766 /* AppOfArt */,
			);
		};
/* End PBXProject section */

/* Begin PBXResourcesBuildPhase section */
		051DEC891E48697E00867766 /* Resources */ = {
			isa = PBXResourcesBuildPhase;
			buildActionMask = 2147483647;
			files = (
				05B8478C1E7A268D003870BD /* index.json in Resources */,
				05B847A41E7A268D003870BD /* recomand_15.jpg in Resources */,
				05B847871E7A268D003870BD /* tab_我的_pressed.png in Resources */,
				05B847991E7A268D003870BD /* recomand_04.jpg in Resources */,
				05B8478D1E7A268D003870BD /* cycle_01.jpg in Resources */,
				05B847911E7A268D003870BD /* cycle_05.jpg in Resources */,
				05B8477F1E7A268D003870BD /* home_like.png in Resources */,
				05B847A71E7A268D003870BD /* recomand_18.jpg in Resources */,
				05B847901E7A268D003870BD /* cycle_04.jpg in Resources */,
				05B847821E7A268D003870BD /* nar_bgbg.png in Resources */,
				05B8478F1E7A268D003870BD /* cycle_03.jpg in Resources */,
				05B847971E7A268D003870BD /* recomand_02.jpg in Resources */,
				05B847981E7A268D003870BD /* recomand_03.jpg in Resources */,
				05B8479F1E7A268D003870BD /* recomand_10.jpg in Resources */,
				05B847A01E7A268D003870BD /* recomand_11.jpg in Resources */,
				05B847921E7A268D003870BD /* cycle_06.jpg in Resources */,
				05B8479B1E7A268D003870BD /* recomand_06.jpg in Resources */,
				05B8477D1E7A268D003870BD /* home_email_red.png in Resources */,
				051DEC9E1E48697E00867766 /* LaunchScreen.storyboard in Resources */,
				05B847851E7A268D003870BD /* tab_publish_add_pressed.png in Resources */,
				05B847A81E7A268D003870BD /* recomand_19.jpg in Resources */,
				05B8477E1E7A268D003870BD /* home_emared.png in Resources */,
				051DEC9B1E48697E00867766 /* Assets.xcassets in Resources */,
				05B847941E7A268D003870BD /* cycle_08.jpg in Resources */,
				05B8479A1E7A268D003870BD /* recomand_05.jpg in Resources */,
				05B847A51E7A268D003870BD /* recomand_16.jpg in Resources */,
				05B847811E7A268D003870BD /* home_watch.png in Resources */,
				05B847861E7A268D003870BD /* tab_我的.png in Resources */,
				05B8479E1E7A268D003870BD /* recomand_09.jpg in Resources */,
				05B8479D1E7A268D003870BD /* recomand_08.jpg in Resources */,
				05B847931E7A268D003870BD /* cycle_07.jpg in Resources */,
				05B847891E7A268D003870BD /* tab_首页_pressed.png in Resources */,
				05B847A91E7A268D003870BD /* recomand_20.jpg in Resources */,
				05B847841E7A268D003870BD /* tab_publish_add.png in Resources */,
				05B847A61E7A268D003870BD /* recomand_17.jpg in Resources */,
				05B847A11E7A268D003870BD /* recomand_12.jpg in Resources */,
				05B847961E7A268D003870BD /* recomand_01.jpg in Resources */,
				05B847801E7A268D003870BD /* home_search_icon.png in Resources */,
				05B847831E7A268D003870BD /* tab_bar_bg.png in Resources */,
				05B8478E1E7A268D003870BD /* cycle_02.jpg in Resources */,
				05B8479C1E7A268D003870BD /* recomand_07.jpg in Resources */,
				05B847A31E7A268D003870BD /* recomand_14.jpg in Resources */,
				05B847A21E7A268D003870BD /* recomand_13.jpg in Resources */,
				051DEC991E48697E00867766 /* Main.storyboard in Resources */,
				05B847881E7A268D003870BD /* tab_首页.png in Resources */,
				05B8477C1E7A268D003870BD /* home_email_black.png in Resources */,
			);
			runOnlyForDeploymentPostprocessing = 0;
		};
/* End PBXResourcesBuildPhase section */

/* Begin PBXShellScriptBuildPhase section */
		24C10820640266F5914EF18C /* [CP] Copy Pods Resources */ = {
			isa = PBXShellScriptBuildPhase;
			buildActionMask = 2147483647;
			files = (
			);
			inputPaths = (
			);
			name = "[CP] Copy Pods Resources";
			outputPaths = (
			);
			runOnlyForDeploymentPostprocessing = 0;
			shellPath = /bin/sh;
			shellScript = "\"${SRCROOT}/Pods/Target Support Files/Pods-AppOfArt/Pods-AppOfArt-resources.sh\"\n";
			showEnvVarsInLog = 0;
		};
		543D69E9633CFEB2EE9C1BCF /* [CP] Check Pods Manifest.lock */ = {
			isa = PBXShellScriptBuildPhase;
			buildActionMask = 2147483647;
			files = (
			);
			inputPaths = (
			);
			name = "[CP] Check Pods Manifest.lock";
			outputPaths = (
			);
			runOnlyForDeploymentPostprocessing = 0;
			shellPath = /bin/sh;
			shellScript = "diff \"${PODS_ROOT}/../Podfile.lock\" \"${PODS_ROOT}/Manifest.lock\" > /dev/null\nif [[ $? != 0 ]] ; then\n    cat << EOM\nerror: The sandbox is not in sync with the Podfile.lock. Run 'pod install' or update your CocoaPods installation.\nEOM\n    exit 1\nfi\n";
			showEnvVarsInLog = 0;
		};
		69859F120D262FB367B09807 /* [CP] Embed Pods Frameworks */ = {
			isa = PBXShellScriptBuildPhase;
			buildActionMask = 2147483647;
			files = (
			);
			inputPaths = (
			);
			name = "[CP] Embed Pods Frameworks";
			outputPaths = (
			);
			runOnlyForDeploymentPostprocessing = 0;
			shellPath = /bin/sh;
			shellScript = "\"${SRCROOT}/Pods/Target Support Files/Pods-AppOfArt/Pods-AppOfArt-frameworks.sh\"\n";
			showEnvVarsInLog = 0;
		};
		78446443763A034F580AAC1C /* [CP] Check Pods Manifest.lock */ = {
			isa = PBXShellScriptBuildPhase;
			buildActionMask = 2147483647;
			files = (
			);
			inputPaths = (
			);
			name = "[CP] Check Pods Manifest.lock";
			outputPaths = (
			);
			runOnlyForDeploymentPostprocessing = 0;
			shellPath = /bin/sh;
			shellScript = "diff \"${PODS_ROOT}/../Podfile.lock\" \"${PODS_ROOT}/Manifest.lock\" > /dev/null\nif [[ $? != 0 ]] ; then\n    cat << EOM\nerror: The sandbox is not in sync with the Podfile.lock. Run 'pod install' or update your CocoaPods installation.\nEOM\n    exit 1\nfi\n";
			showEnvVarsInLog = 0;
		};
		83EC1503378F3D8BD34ADC06 /* 📦 Embed Pods Frameworks */ = {
			isa = PBXShellScriptBuildPhase;
			buildActionMask = 2147483647;
			files = (
			);
			inputPaths = (
			);
			name = "📦 Embed Pods Frameworks";
			outputPaths = (
			);
			runOnlyForDeploymentPostprocessing = 0;
			shellPath = /bin/sh;
			shellScript = "\"${SRCROOT}/Pods/Target Support Files/Pods-AppOfArt/Pods-AppOfArt-frameworks.sh\"\n";
			showEnvVarsInLog = 0;
		};
		88F4259A0CDF1D13887BB39E /* 📦 Copy Pods Resources */ = {
			isa = PBXShellScriptBuildPhase;
			buildActionMask = 2147483647;
			files = (
			);
			inputPaths = (
			);
			name = "📦 Copy Pods Resources";
			outputPaths = (
			);
			runOnlyForDeploymentPostprocessing = 0;
			shellPath = /bin/sh;
			shellScript = "\"${SRCROOT}/Pods/Target Support Files/Pods-AppOfArt/Pods-AppOfArt-resources.sh\"\n";
			showEnvVarsInLog = 0;
		};
/* End PBXShellScriptBuildPhase section */

/* Begin PBXSourcesBuildPhase section */
		051DEC871E48697E00867766 /* Sources */ = {
			isa = PBXSourcesBuildPhase;
			buildActionMask = 2147483647;
			files = (
				05B847B21E7A268D003870BD /* CardSelectedLayout.m in Sources */,
				05B8493A1E7A29F2003870BD /* HYViewController.m in Sources */,
				051DEC931E48697E00867766 /* AppDelegate.m in Sources */,
				05B849371E7A29F2003870BD /* HYNavigationVC.m in Sources */,
				05B847AA1E7A268D003870BD /* HYHeaderView.m in Sources */,
				05B847AC1E7A268D003870BD /* HYThreeVC.m in Sources */,
				05B8493E1E7A29F2003870BD /* UIButton+size.m in Sources */,
				05B849351E7A29F2003870BD /* CustomNavigationController.m in Sources */,
				05B8493D1E7A29F2003870BD /* UIBarButtonItem+HYExtenssion.m in Sources */,
				05B849391E7A29F2003870BD /* HYtabBarVC.m in Sources */,
				05B847691E7A268D003870BD /* HYPhotoModel.m in Sources */,
				05B847AD1E7A268D003870BD /* HYTwoViewDidClickVC.m in Sources */,
				05B8478B1E7A268D003870BD /* HYOneVC.m in Sources */,
				05B849361E7A29F2003870BD /* UIViewController+CustomNavigationExtension.m in Sources */,
				05B849541E7A2B74003870BD /* JKDBModel.m in Sources */,
				05B849561E7A2B74003870BD /* FMDatabaseAdditions.m in Sources */,
				05B849551E7A2B74003870BD /* FMDatabase.m in Sources */,
				05B847B31E7A268D003870BD /* videoDeatilVC.m in Sources */,
				05B8498F1E7A3ECF003870BD /* HelpViewController.m in Sources */,
				05B849381E7A29F2003870BD /* HYtabBar.m in Sources */,
				05B847B41E7A268D003870BD /* HYTwoVCTableViewController.m in Sources */,
				05B847AE1E7A268D003870BD /* HYVideoPlayVC.m in Sources */,
				05B8493C1E7A29F2003870BD /* HYTime.m in Sources */,
				05B847AF1E7A268D003870BD /* VideoListModel.m in Sources */,
				05B849411E7A29F2003870BD /* HYNetworking.m in Sources */,
				05B849401E7A29F2003870BD /* UIView+HYExtension.m in Sources */,
				05B849581E7A2B74003870BD /* FMDatabaseQueue.m in Sources */,
				05B8478A1E7A268D003870BD /* HYOneTVC.m in Sources */,
				05B8493B1E7A29F2003870BD /* HYLoadingView.m in Sources */,
				05B8476A1E7A268D003870BD /* HYPhotoCollectionViewCell.m in Sources */,
				05B849571E7A2B74003870BD /* FMDatabasePool.m in Sources */,
				05B847B11E7A268D003870BD /* CardLayout.m in Sources */,
				051DEC901E48697E00867766 /* main.m in Sources */,
				05B849531E7A2B74003870BD /* JKDBHelper.m in Sources */,
				05B847B51E7A268D003870BD /* HYTwoModel.m in Sources */,
				05B8498E1E7A3ECF003870BD /* Factory.m in Sources */,
				05B847681E7A268D003870BD /* HYFourVC.m in Sources */,
				05B847951E7A268D003870BD /* HYOneModel.m in Sources */,
				05B847B61E7A268D003870BD /* HYTwoCell.m in Sources */,
				05B847B01E7A268D003870BD /* CardCellCollectionViewCell.m in Sources */,
				05B849901E7A3ECF003870BD /* UIColor+FlatColors.m in Sources */,
				05B849911E7A3ECF003870BD /* UIView+Addition.m in Sources */,
				05B849591E7A2B74003870BD /* FMResultSet.m in Sources */,
				05B8493F1E7A29F2003870BD /* UIImage+HYImage.m in Sources */,
				05B847AB1E7A268D003870BD /* HYoneCell.m in Sources */,
			);
			runOnlyForDeploymentPostprocessing = 0;
		};
/* End PBXSourcesBuildPhase section */

/* Begin PBXVariantGroup section */
		051DEC971E48697E00867766 /* Main.storyboard */ = {
			isa = PBXVariantGroup;
			children = (
				051DEC981E48697E00867766 /* Base */,
			);
			name = Main.storyboard;
			sourceTree = "<group>";
		};
		051DEC9C1E48697E00867766 /* LaunchScreen.storyboard */ = {
			isa = PBXVariantGroup;
			children = (
				051DEC9D1E48697E00867766 /* Base */,
			);
			name = LaunchScreen.storyboard;
			sourceTree = "<group>";
		};
/* End PBXVariantGroup section */

/* Begin XCBuildConfiguration section */
		051DECA01E48697E00867766 /* Debug */ = {
			isa = XCBuildConfiguration;
			buildSettings = {
				ALWAYS_SEARCH_USER_PATHS = NO;
				CLANG_ANALYZER_NONNULL = YES;
				CLANG_CXX_LANGUAGE_STANDARD = "gnu++0x";
				CLANG_CXX_LIBRARY = "libc++";
				CLANG_ENABLE_MODULES = YES;
				CLANG_ENABLE_OBJC_ARC = YES;
				CLANG_WARN_BOOL_CONVERSION = YES;
				CLANG_WARN_CONSTANT_CONVERSION = YES;
				CLANG_WARN_DIRECT_OBJC_ISA_USAGE = YES_ERROR;
				CLANG_WARN_DOCUMENTATION_COMMENTS = YES;
				CLANG_WARN_EMPTY_BODY = YES;
				CLANG_WARN_ENUM_CONVERSION = YES;
				CLANG_WARN_INFINITE_RECURSION = YES;
				CLANG_WARN_INT_CONVERSION = YES;
				CLANG_WARN_OBJC_ROOT_CLASS = YES_ERROR;
				CLANG_WARN_SUSPICIOUS_MOVE = YES;
				CLANG_WARN_UNREACHABLE_CODE = YES;
				CLANG_WARN__DUPLICATE_METHOD_MATCH = YES;
				"CODE_SIGN_IDENTITY[sdk=iphoneos*]" = "iPhone Developer";
				COPY_PHASE_STRIP = NO;
				DEBUG_INFORMATION_FORMAT = dwarf;
				ENABLE_STRICT_OBJC_MSGSEND = YES;
				ENABLE_TESTABILITY = YES;
				GCC_C_LANGUAGE_STANDARD = gnu99;
				GCC_DYNAMIC_NO_PIC = NO;
				GCC_NO_COMMON_BLOCKS = YES;
				GCC_OPTIMIZATION_LEVEL = 0;
				GCC_PREFIX_HEADER = AppOfArt/other/PrefixHeader.pch;
				GCC_PREPROCESSOR_DEFINITIONS = (
					"DEBUG=1",
					"$(inherited)",
				);
				GCC_WARN_64_TO_32_BIT_CONVERSION = YES;
				GCC_WARN_ABOUT_RETURN_TYPE = YES_ERROR;
				GCC_WARN_UNDECLARED_SELECTOR = YES;
				GCC_WARN_UNINITIALIZED_AUTOS = YES_AGGRESSIVE;
				GCC_WARN_UNUSED_FUNCTION = YES;
				GCC_WARN_UNUSED_VARIABLE = YES;
				IPHONEOS_DEPLOYMENT_TARGET = 10.2;
				MTL_ENABLE_DEBUG_INFO = YES;
				ONLY_ACTIVE_ARCH = YES;
				SDKROOT = iphoneos;
				TARGETED_DEVICE_FAMILY = "1,2";
			};
			name = Debug;
		};
		051DECA11E48697E00867766 /* Release */ = {
			isa = XCBuildConfiguration;
			buildSettings = {
				ALWAYS_SEARCH_USER_PATHS = NO;
				CLANG_ANALYZER_NONNULL = YES;
				CLANG_CXX_LANGUAGE_STANDARD = "gnu++0x";
				CLANG_CXX_LIBRARY = "libc++";
				CLANG_ENABLE_MODULES = YES;
				CLANG_ENABLE_OBJC_ARC = YES;
				CLANG_WARN_BOOL_CONVERSION = YES;
				CLANG_WARN_CONSTANT_CONVERSION = YES;
				CLANG_WARN_DIRECT_OBJC_ISA_USAGE = YES_ERROR;
				CLANG_WARN_DOCUMENTATION_COMMENTS = YES;
				CLANG_WARN_EMPTY_BODY = YES;
				CLANG_WARN_ENUM_CONVERSION = YES;
				CLANG_WARN_INFINITE_RECURSION = YES;
				CLANG_WARN_INT_CONVERSION = YES;
				CLANG_WARN_OBJC_ROOT_CLASS = YES_ERROR;
				CLANG_WARN_SUSPICIOUS_MOVE = YES;
				CLANG_WARN_UNREACHABLE_CODE = YES;
				CLANG_WARN__DUPLICATE_METHOD_MATCH = YES;
				"CODE_SIGN_IDENTITY[sdk=iphoneos*]" = "iPhone Developer";
				COPY_PHASE_STRIP = NO;
				DEBUG_INFORMATION_FORMAT = "dwarf-with-dsym";
				ENABLE_NS_ASSERTIONS = NO;
				ENABLE_STRICT_OBJC_MSGSEND = YES;
				GCC_C_LANGUAGE_STANDARD = gnu99;
				GCC_NO_COMMON_BLOCKS = YES;
				GCC_PREFIX_HEADER = AppOfArt/other/PrefixHeader.pch;
				GCC_WARN_64_TO_32_BIT_CONVERSION = YES;
				GCC_WARN_ABOUT_RETURN_TYPE = YES_ERROR;
				GCC_WARN_UNDECLARED_SELECTOR = YES;
				GCC_WARN_UNINITIALIZED_AUTOS = YES_AGGRESSIVE;
				GCC_WARN_UNUSED_FUNCTION = YES;
				GCC_WARN_UNUSED_VARIABLE = YES;
				IPHONEOS_DEPLOYMENT_TARGET = 10.2;
				MTL_ENABLE_DEBUG_INFO = NO;
				SDKROOT = iphoneos;
				TARGETED_DEVICE_FAMILY = "1,2";
				VALIDATE_PRODUCT = YES;
			};
			name = Release;
		};
		051DECA31E48697E00867766 /* Debug */ = {
			isa = XCBuildConfiguration;
			baseConfigurationReference = 3205E0DB27A5B75F1006253B /* Pods-AppOfArt.debug.xcconfig */;
			buildSettings = {
				ASSETCATALOG_COMPILER_APPICON_NAME = AppIcon;
				DEVELOPMENT_TEAM = DYUUR96E57;
				INFOPLIST_FILE = AppOfArt/Info.plist;
				IPHONEOS_DEPLOYMENT_TARGET = 9.0;
				LD_RUNPATH_SEARCH_PATHS = "$(inherited) @executable_path/Frameworks";
				PRODUCT_BUNDLE_IDENTIFIER = zhang.AppOfArt.com;
				PRODUCT_NAME = "$(TARGET_NAME)";
			};
			name = Debug;
		};
		051DECA41E48697E00867766 /* Release */ = {
			isa = XCBuildConfiguration;
			baseConfigurationReference = FC6EA75BED79BC216CBF92B0 /* Pods-AppOfArt.release.xcconfig */;
			buildSettings = {
				ASSETCATALOG_COMPILER_APPICON_NAME = AppIcon;
				DEVELOPMENT_TEAM = DYUUR96E57;
				INFOPLIST_FILE = AppOfArt/Info.plist;
				IPHONEOS_DEPLOYMENT_TARGET = 9.0;
				LD_RUNPATH_SEARCH_PATHS = "$(inherited) @executable_path/Frameworks";
				PRODUCT_BUNDLE_IDENTIFIER = zhang.AppOfArt.com;
				PRODUCT_NAME = "$(TARGET_NAME)";
			};
			name = Release;
		};
/* End XCBuildConfiguration section */

/* Begin XCConfigurationList section */
		051DEC861E48697E00867766 /* Build configuration list for PBXProject "AppOfArt" */ = {
			isa = XCConfigurationList;
			buildConfigurations = (
				051DECA01E48697E00867766 /* Debug */,
				051DECA11E48697E00867766 /* Release */,
			);
			defaultConfigurationIsVisible = 0;
			defaultConfigurationName = Release;
		};
		051DECA21E48697E00867766 /* Build configuration list for PBXNativeTarget "AppOfArt" */ = {
			isa = XCConfigurationList;
			buildConfigurations = (
				051DECA31E48697E00867766 /* Debug */,
				051DECA41E48697E00867766 /* Release */,
			);
			defaultConfigurationIsVisible = 0;
			defaultConfigurationName = Release;
		};
/* End XCConfigurationList section */
	};
	rootObject = 051DEC831E48697E00867766 /* Project object */;
}
